
Microsoft Visual Studio Solution File, Format Version 12.00
# Visual Studio Version 17
VisualStudioVersion = 17.3.32611.2
MinimumVisualStudioVersion = 10.0.40219.1
Project("{9A19103F-16F7-4668-BE54-9A1E7A4F7556}") = "TranslateFileNamesForm", "TranslateFileNamesForm\TranslateFileNamesForm.csproj", "{465C45B2-095E-4A47-9B00-813B4331DAB0}"
EndProject
Project("{9A19103F-16F7-4668-BE54-9A1E7A4F7556}") = "TranslateFilenamesCore", "TranslateFilenamesCore\TranslateFilenamesCore.csproj", "{4CA9A65F-D4B6-466C-A8A5-DEA249D77E24}"
EndProject
Project("{54435603-DBB4-11D2-8724-00A0C9A8B90C}") = "TranslateFileNames_Setup", "TranslateFileNames_Setup\TranslateFileNames_Setup.vdproj", "{D213B365-259F-4230-AE17-AAA1A6BF2368}"
EndProject
Project("{9A19103F-16F7-4668-BE54-9A1E7A4F7556}") = "TranslateMultiThread", "TranslateMultiThread\TranslateMultiThread.csproj", "{5B834696-9930-480D-AA0C-7653C59D59B6}"
EndProject
Project("{9A19103F-16F7-4668-BE54-9A1E7A4F7556}") = "TranslationTestConsole", "TranslationTestConsole\TranslationTestConsole.csproj", "{AA75F1D2-89F3-4574-BE38-7417B76AE2F6}"
EndProject
Global
	GlobalSection(SolutionConfigurationPlatforms) = preSolution
		Debug|Any CPU = Debug|Any CPU
		Debug|ARM = Debug|ARM
		Debug|ARM64 = Debug|ARM64
		Debug|x64 = Debug|x64
		Debug|x86 = Debug|x86
		Release|Any CPU = Release|Any CPU
		Release|ARM = Release|ARM
		Release|ARM64 = Release|ARM64
		Release|x64 = Release|x64
		Release|x86 = Release|x86
	EndGlobalSection
	GlobalSection(ProjectConfigurationPlatforms) = postSolution
		{465C45B2-095E-4A47-9B00-813B4331DAB0}.Debug|Any CPU.ActiveCfg = Debug|Any CPU
		{465C45B2-095E-4A47-9B00-813B4331DAB0}.Debug|Any CPU.Build.0 = Debug|Any CPU
		{465C45B2-095E-4A47-9B00-813B4331DAB0}.Debug|ARM.ActiveCfg = Debug|Any CPU
		{465C45B2-095E-4A47-9B00-813B4331DAB0}.Debug|ARM.Build.0 = Debug|Any CPU
		{465C45B2-095E-4A47-9B00-813B4331DAB0}.Debug|ARM64.ActiveCfg = Debug|Any CPU
		{465C45B2-095E-4A47-9B00-813B4331DAB0}.Debug|ARM64.Build.0 = Debug|Any CPU
		{465C45B2-095E-4A47-9B00-813B4331DAB0}.Debug|x64.ActiveCfg = Debug|Any CPU
		{465C45B2-095E-4A47-9B00-813B4331DAB0}.Debug|x64.Build.0 = Debug|Any CPU
		{465C45B2-095E-4A47-9B00-813B4331DAB0}.Debug|x86.ActiveCfg = Debug|Any CPU
		{465C45B2-095E-4A47-9B00-813B4331DAB0}.Debug|x86.Build.0 = Debug|Any CPU
		{465C45B2-095E-4A47-9B00-813B4331DAB0}.Release|Any CPU.ActiveCfg = Release|Any CPU
		{465C45B2-095E-4A47-9B00-813B4331DAB0}.Release|Any CPU.Build.0 = Release|Any CPU
		{465C45B2-095E-4A47-9B00-813B4331DAB0}.Release|ARM.ActiveCfg = Release|Any CPU
		{465C45B2-095E-4A47-9B00-813B4331DAB0}.Release|ARM.Build.0 = Release|Any CPU
		{465C45B2-095E-4A47-9B00-813B4331DAB0}.Release|ARM64.ActiveCfg = Release|Any CPU
		{465C45B2-095E-4A47-9B00-813B4331DAB0}.Release|ARM64.Build.0 = Release|Any CPU
		{465C45B2-095E-4A47-9B00-813B4331DAB0}.Release|x64.ActiveCfg = Release|Any CPU
		{465C45B2-095E-4A47-9B00-813B4331DAB0}.Release|x64.Build.0 = Release|Any CPU
		{465C45B2-095E-4A47-9B00-813B4331DAB0}.Release|x86.ActiveCfg = Release|Any CPU
		{465C45B2-095E-4A47-9B00-813B4331DAB0}.Release|x86.Build.0 = Release|Any CPU
		{4CA9A65F-D4B6-466C-A8A5-DEA249D77E24}.Debug|Any CPU.ActiveCfg = Debug|Any CPU
		{4CA9A65F-D4B6-466C-A8A5-DEA249D77E24}.Debug|Any CPU.Build.0 = Debug|Any CPU
		{4CA9A65F-D4B6-466C-A8A5-DEA249D77E24}.Debug|ARM.ActiveCfg = Debug|Any CPU
		{4CA9A65F-D4B6-466C-A8A5-DEA249D77E24}.Debug|ARM.Build.0 = Debug|Any CPU
		{4CA9A65F-D4B6-466C-A8A5-DEA249D77E24}.Debug|ARM64.ActiveCfg = Debug|Any CPU
		{4CA9A65F-D4B6-466C-A8A5-DEA249D77E24}.Debug|ARM64.Build.0 = Debug|Any CPU
		{4CA9A65F-D4B6-466C-A8A5-DEA249D77E24}.Debug|x64.ActiveCfg = Debug|Any CPU
		{4CA9A65F-D4B6-466C-A8A5-DEA249D77E24}.Debug|x64.Build.0 = Debug|Any CPU
		{4CA9A65F-D4B6-466C-A8A5-DEA249D77E24}.Debug|x86.ActiveCfg = Debug|Any CPU
		{4CA9A65F-D4B6-466C-A8A5-DEA249D77E24}.Debug|x86.Build.0 = Debug|Any CPU
		{4CA9A65F-D4B6-466C-A8A5-DEA249D77E24}.Release|Any CPU.ActiveCfg = Release|Any CPU
		{4CA9A65F-D4B6-466C-A8A5-DEA249D77E24}.Release|Any CPU.Build.0 = Release|Any CPU
		{4CA9A65F-D4B6-466C-A8A5-DEA249D77E24}.Release|ARM.ActiveCfg = Release|Any CPU
		{4CA9A65F-D4B6-466C-A8A5-DEA249D77E24}.Release|ARM.Build.0 = Release|Any CPU
		{4CA9A65F-D4B6-466C-A8A5-DEA249D77E24}.Release|ARM64.ActiveCfg = Release|Any CPU
		{4CA9A65F-D4B6-466C-A8A5-DEA249D77E24}.Release|ARM64.Build.0 = Release|Any CPU
		{4CA9A65F-D4B6-466C-A8A5-DEA249D77E24}.Release|x64.ActiveCfg = Release|Any CPU
		{4CA9A65F-D4B6-466C-A8A5-DEA249D77E24}.Release|x64.Build.0 = Release|Any CPU
		{4CA9A65F-D4B6-466C-A8A5-DEA249D77E24}.Release|x86.ActiveCfg = Release|Any CPU
		{4CA9A65F-D4B6-466C-A8A5-DEA249D77E24}.Release|x86.Build.0 = Release|Any CPU
		{D213B365-259F-4230-AE17-AAA1A6BF2368}.Debug|Any CPU.ActiveCfg = Debug
		{D213B365-259F-4230-AE17-AAA1A6BF2368}.Debug|ARM.ActiveCfg = Debug
		{D213B365-259F-4230-AE17-AAA1A6BF2368}.Debug|ARM64.ActiveCfg = Debug
		{D213B365-259F-4230-AE17-AAA1A6BF2368}.Debug|x64.ActiveCfg = Debug
		{D213B365-259F-4230-AE17-AAA1A6BF2368}.Debug|x86.ActiveCfg = Debug
		{D213B365-259F-4230-AE17-AAA1A6BF2368}.Release|Any CPU.ActiveCfg = Release
		{D213B365-259F-4230-AE17-AAA1A6BF2368}.Release|ARM.ActiveCfg = Release
		{D213B365-259F-4230-AE17-AAA1A6BF2368}.Release|ARM64.ActiveCfg = Release
		{D213B365-259F-4230-AE17-AAA1A6BF2368}.Release|x64.ActiveCfg = Release
		{D213B365-259F-4230-AE17-AAA1A6BF2368}.Release|x86.ActiveCfg = Release
		{5B834696-9930-480D-AA0C-7653C59D59B6}.Debug|Any CPU.ActiveCfg = Debug|Any CPU
		{5B834696-9930-480D-AA0C-7653C59D59B6}.Debug|Any CPU.Build.0 = Debug|Any CPU
		{5B834696-9930-480D-AA0C-7653C59D59B6}.Debug|ARM.ActiveCfg = Debug|Any CPU
		{5B834696-9930-480D-AA0C-7653C59D59B6}.Debug|ARM.Build.0 = Debug|Any CPU
		{5B834696-9930-480D-AA0C-7653C59D59B6}.Debug|ARM64.ActiveCfg = Debug|Any CPU
		{5B834696-9930-480D-AA0C-7653C59D59B6}.Debug|ARM64.Build.0 = Debug|Any CPU
		{5B834696-9930-480D-AA0C-7653C59D59B6}.Debug|x64.ActiveCfg = Debug|Any CPU
		{5B834696-9930-480D-AA0C-7653C59D59B6}.Debug|x64.Build.0 = Debug|Any CPU
		{5B834696-9930-480D-AA0C-7653C59D59B6}.Debug|x86.ActiveCfg = Debug|Any CPU
		{5B834696-9930-480D-AA0C-7653C59D59B6}.Debug|x86.Build.0 = Debug|Any CPU
		{5B834696-9930-480D-AA0C-7653C59D59B6}.Release|Any CPU.ActiveCfg = Release|Any CPU
		{5B834696-9930-480D-AA0C-7653C59D59B6}.Release|Any CPU.Build.0 = Release|Any CPU
		{5B834696-9930-480D-AA0C-7653C59D59B6}.Release|ARM.ActiveCfg = Release|Any CPU
		{5B834696-9930-480D-AA0C-7653C59D59B6}.Release|ARM.Build.0 = Release|Any CPU
		{5B834696-9930-480D-AA0C-7653C59D59B6}.Release|ARM64.ActiveCfg = Release|Any CPU
		{5B834696-9930-480D-AA0C-7653C59D59B6}.Release|ARM64.Build.0 = Release|Any CPU
		{5B834696-9930-480D-AA0C-7653C59D59B6}.Release|x64.ActiveCfg = Release|Any CPU
		{5B834696-9930-480D-AA0C-7653C59D59B6}.Release|x64.Build.0 = Release|Any CPU
		{5B834696-9930-480D-AA0C-7653C59D59B6}.Release|x86.ActiveCfg = Release|Any CPU
		{5B834696-9930-480D-AA0C-7653C59D59B6}.Release|x86.Build.0 = Release|Any CPU
		{AA75F1D2-89F3-4574-BE38-7417B76AE2F6}.Debug|Any CPU.ActiveCfg = Debug|Any CPU
		{AA75F1D2-89F3-4574-BE38-7417B76AE2F6}.Debug|Any CPU.Build.0 = Debug|Any CPU
		{AA75F1D2-89F3-4574-BE38-7417B76AE2F6}.Debug|ARM.ActiveCfg = Debug|Any CPU
		{AA75F1D2-89F3-4574-BE38-7417B76AE2F6}.Debug|ARM.Build.0 = Debug|Any CPU
		{AA75F1D2-89F3-4574-BE38-7417B76AE2F6}.Debug|ARM64.ActiveCfg = Debug|Any CPU
		{AA75F1D2-89F3-4574-BE38-7417B76AE2F6}.Debug|ARM64.Build.0 = Debug|Any CPU
		{AA75F1D2-89F3-4574-BE38-7417B76AE2F6}.Debug|x64.ActiveCfg = Debug|Any CPU
		{AA75F1D2-89F3-4574-BE38-7417B76AE2F6}.Debug|x64.Build.0 = Debug|Any CPU
		{AA75F1D2-89F3-4574-BE38-7417B76AE2F6}.Debug|x86.ActiveCfg = Debug|Any CPU
		{AA75F1D2-89F3-4574-BE38-7417B76AE2F6}.Debug|x86.Build.0 = Debug|Any CPU
		{AA75F1D2-89F3-4574-BE38-7417B76AE2F6}.Release|Any CPU.ActiveCfg = Release|Any CPU
		{AA75F1D2-89F3-4574-BE38-7417B76AE2F6}.Release|Any CPU.Build.0 = Release|Any CPU
		{AA75F1D2-89F3-4574-BE38-7417B76AE2F6}.Release|ARM.ActiveCfg = Release|Any CPU
		{AA75F1D2-89F3-4574-BE38-7417B76AE2F6}.Release|ARM.Build.0 = Release|Any CPU
		{AA75F1D2-89F3-4574-BE38-7417B76AE2F6}.Release|ARM64.ActiveCfg = Release|Any CPU
		{AA75F1D2-89F3-4574-BE38-7417B76AE2F6}.Release|ARM64.Build.0 = Release|Any CPU
		{AA75F1D2-89F3-4574-BE38-7417B76AE2F6}.Release|x64.ActiveCfg = Release|Any CPU
		{AA75F1D2-89F3-4574-BE38-7417B76AE2F6}.Release|x64.Build.0 = Release|Any CPU
		{AA75F1D2-89F3-4574-BE38-7417B76AE2F6}.Release|x86.ActiveCfg = Release|Any CPU
		{AA75F1D2-89F3-4574-BE38-7417B76AE2F6}.Release|x86.Build.0 = Release|Any CPU
	EndGlobalSection
	GlobalSection(SolutionProperties) = preSolution
		HideSolutionNode = FALSE
	EndGlobalSection
	GlobalSection(ExtensibilityGlobals) = postSolution
		SolutionGuid = {E7D53C66-A132-46F7-8851-B69E40BA44BB}
	EndGlobalSection
EndGlobal
