
Microsoft Visual Studio Solution File, Format Version 12.00
# Visual Studio Version 17
VisualStudioVersion = 17.3.32611.2
MinimumVisualStudioVersion = 10.0.40219.1
Project("{9A19103F-16F7-4668-BE54-9A1E7A4F7556}") = "GTranslate", "GTranslate\GTranslate.csproj", "{291CB6C6-7CEC-4660-AA60-5FD2B81BCED5}"
EndProject
Project("{FAE04EC0-301F-11D3-BF4B-00C04F79EFBC}") = "TranslateFilenames", "TranslateFilenames\TranslateFilenames.csproj", "{5A618590-74D1-4A58-88C1-3D9D343B0784}"
EndProject
Global
	GlobalSection(SolutionConfigurationPlatforms) = preSolution
		Debug|Any CPU = Debug|Any CPU
		Release|Any CPU = Release|Any CPU
	EndGlobalSection
	GlobalSection(ProjectConfigurationPlatforms) = postSolution
		{291CB6C6-7CEC-4660-AA60-5FD2B81BCED5}.Debug|Any CPU.ActiveCfg = Debug|Any CPU
		{291CB6C6-7CEC-4660-AA60-5FD2B81BCED5}.Debug|Any CPU.Build.0 = Debug|Any CPU
		{291CB6C6-7CEC-4660-AA60-5FD2B81BCED5}.Release|Any CPU.ActiveCfg = Release|Any CPU
		{291CB6C6-7CEC-4660-AA60-5FD2B81BCED5}.Release|Any CPU.Build.0 = Release|Any CPU
		{5A618590-74D1-4A58-88C1-3D9D343B0784}.Debug|Any CPU.ActiveCfg = Debug|Any CPU
		{5A618590-74D1-4A58-88C1-3D9D343B0784}.Debug|Any CPU.Build.0 = Debug|Any CPU
		{5A618590-74D1-4A58-88C1-3D9D343B0784}.Release|Any CPU.ActiveCfg = Release|Any CPU
		{5A618590-74D1-4A58-88C1-3D9D343B0784}.Release|Any CPU.Build.0 = Release|Any CPU
	EndGlobalSection
	GlobalSection(SolutionProperties) = preSolution
		HideSolutionNode = FALSE
	EndGlobalSection
	GlobalSection(ExtensibilityGlobals) = postSolution
		SolutionGuid = {E7D53C66-A132-46F7-8851-B69E40BA44BB}
	EndGlobalSection
EndGlobal
